
Microsoft Visual Studio Solution File, Format Version 12.00
# Visual Studio Version 16
VisualStudioVersion = 16.0.33027.164
MinimumVisualStudioVersion = 10.0.40219.1
Project("{9A19103F-16F7-4668-BE54-9A1E7A4F7556}") = "CarRentalManagement.Server", "CarRentalManagement\Server\CarRentalManagement.Server.csproj", "{3D4E1227-FC23-4661-9D10-3768756C9384}"
EndProject
Project("{9A19103F-16F7-4668-BE54-9A1E7A4F7556}") = "CarRentalManagement.Client", "CarRentalManagement\Client\CarRentalManagement.Client.csproj", "{7DBCBD48-2B6E-4E06-93B0-986D7DC9971E}"
EndProject
Project("{9A19103F-16F7-4668-BE54-9A1E7A4F7556}") = "CarRentalManagement.Shared", "CarRentalManagement\Shared\CarRentalManagement.Shared.csproj", "{62620845-B9D7-47A5-B6AC-B90B48442926}"
EndProject
Global
	GlobalSection(SolutionConfigurationPlatforms) = preSolution
		Debug|Any CPU = Debug|Any CPU
		Release|Any CPU = Release|Any CPU
	EndGlobalSection
	GlobalSection(ProjectConfigurationPlatforms) = postSolution
		{3D4E1227-FC23-4661-9D10-3768756C9384}.Debug|Any CPU.ActiveCfg = Debug|Any CPU
		{3D4E1227-FC23-4661-9D10-3768756C9384}.Debug|Any CPU.Build.0 = Debug|Any CPU
		{3D4E1227-FC23-4661-9D10-3768756C9384}.Release|Any CPU.ActiveCfg = Release|Any CPU
		{3D4E1227-FC23-4661-9D10-3768756C9384}.Release|Any CPU.Build.0 = Release|Any CPU
		{7DBCBD48-2B6E-4E06-93B0-986D7DC9971E}.Debug|Any CPU.ActiveCfg = Debug|Any CPU
		{7DBCBD48-2B6E-4E06-93B0-986D7DC9971E}.Debug|Any CPU.Build.0 = Debug|Any CPU
		{7DBCBD48-2B6E-4E06-93B0-986D7DC9971E}.Release|Any CPU.ActiveCfg = Release|Any CPU
		{7DBCBD48-2B6E-4E06-93B0-986D7DC9971E}.Release|Any CPU.Build.0 = Release|Any CPU
		{62620845-B9D7-47A5-B6AC-B90B48442926}.Debug|Any CPU.ActiveCfg = Debug|Any CPU
		{62620845-B9D7-47A5-B6AC-B90B48442926}.Debug|Any CPU.Build.0 = Debug|Any CPU
		{62620845-B9D7-47A5-B6AC-B90B48442926}.Release|Any CPU.ActiveCfg = Release|Any CPU
		{62620845-B9D7-47A5-B6AC-B90B48442926}.Release|Any CPU.Build.0 = Release|Any CPU
	EndGlobalSection
	GlobalSection(SolutionProperties) = preSolution
		HideSolutionNode = FALSE
	EndGlobalSection
	GlobalSection(ExtensibilityGlobals) = postSolution
		SolutionGuid = {4A480792-88A5-487B-BBFA-E345311017C6}
	EndGlobalSection
EndGlobal
